
Microsoft Visual Studio Solution File, Format Version 12.00
# Visual Studio 15
VisualStudioVersion = 15.0.26403.7
MinimumVisualStudioVersion = 15.0.26124.0
Project("{2150E333-8FDC-42A3-9474-1A3956D46DE8}") = "_Shared", "_Shared", "{17235142-7967-442A-B635-B0273BC83572}"
	ProjectSection(SolutionItems) = preProject
		..\LICENSE = ..\LICENSE
		..\README.md = ..\README.md
	EndProjectSection
EndProject
Project("{2150E333-8FDC-42A3-9474-1A3956D46DE8}") = "Commander", "Commander", "{7F060608-F4A1-4FAC-BB69-653CA83CD9D8}"
EndProject
Project("{9A19103F-16F7-4668-BE54-9A1E7A4F7556}") = "Fidget.Commander", "Fidget.Commander\src\Fidget.Commander.csproj", "{17E6F7E1-6B97-4C48-BB74-0B97C4708680}"
EndProject
Project("{9A19103F-16F7-4668-BE54-9A1E7A4F7556}") = "Fidget.Commander.Abstractions", "Fidget.Commander\ref\Fidget.Commander.Abstractions.csproj", "{8A047D50-9326-47AC-BAD2-033D0F97848D}"
EndProject
Project("{9A19103F-16F7-4668-BE54-9A1E7A4F7556}") = "Fidget.Commander.Test", "Fidget.Commander\test\Fidget.Commander.Test.csproj", "{567982C5-3B2D-4CC9-B093-2AB754862D68}"
EndProject
Global
	GlobalSection(SolutionConfigurationPlatforms) = preSolution
		Debug|Any CPU = Debug|Any CPU
		Debug|x64 = Debug|x64
		Debug|x86 = Debug|x86
		Release|Any CPU = Release|Any CPU
		Release|x64 = Release|x64
		Release|x86 = Release|x86
	EndGlobalSection
	GlobalSection(ProjectConfigurationPlatforms) = postSolution
		{17E6F7E1-6B97-4C48-BB74-0B97C4708680}.Debug|Any CPU.ActiveCfg = Debug|Any CPU
		{17E6F7E1-6B97-4C48-BB74-0B97C4708680}.Debug|Any CPU.Build.0 = Debug|Any CPU
		{17E6F7E1-6B97-4C48-BB74-0B97C4708680}.Debug|x64.ActiveCfg = Debug|Any CPU
		{17E6F7E1-6B97-4C48-BB74-0B97C4708680}.Debug|x64.Build.0 = Debug|Any CPU
		{17E6F7E1-6B97-4C48-BB74-0B97C4708680}.Debug|x86.ActiveCfg = Debug|Any CPU
		{17E6F7E1-6B97-4C48-BB74-0B97C4708680}.Debug|x86.Build.0 = Debug|Any CPU
		{17E6F7E1-6B97-4C48-BB74-0B97C4708680}.Release|Any CPU.ActiveCfg = Release|Any CPU
		{17E6F7E1-6B97-4C48-BB74-0B97C4708680}.Release|Any CPU.Build.0 = Release|Any CPU
		{17E6F7E1-6B97-4C48-BB74-0B97C4708680}.Release|x64.ActiveCfg = Release|Any CPU
		{17E6F7E1-6B97-4C48-BB74-0B97C4708680}.Release|x64.Build.0 = Release|Any CPU
		{17E6F7E1-6B97-4C48-BB74-0B97C4708680}.Release|x86.ActiveCfg = Release|Any CPU
		{17E6F7E1-6B97-4C48-BB74-0B97C4708680}.Release|x86.Build.0 = Release|Any CPU
		{8A047D50-9326-47AC-BAD2-033D0F97848D}.Debug|Any CPU.ActiveCfg = Debug|Any CPU
		{8A047D50-9326-47AC-BAD2-033D0F97848D}.Debug|Any CPU.Build.0 = Debug|Any CPU
		{8A047D50-9326-47AC-BAD2-033D0F97848D}.Debug|x64.ActiveCfg = Debug|Any CPU
		{8A047D50-9326-47AC-BAD2-033D0F97848D}.Debug|x64.Build.0 = Debug|Any CPU
		{8A047D50-9326-47AC-BAD2-033D0F97848D}.Debug|x86.ActiveCfg = Debug|Any CPU
		{8A047D50-9326-47AC-BAD2-033D0F97848D}.Debug|x86.Build.0 = Debug|Any CPU
		{8A047D50-9326-47AC-BAD2-033D0F97848D}.Release|Any CPU.ActiveCfg = Release|Any CPU
		{8A047D50-9326-47AC-BAD2-033D0F97848D}.Release|Any CPU.Build.0 = Release|Any CPU
		{8A047D50-9326-47AC-BAD2-033D0F97848D}.Release|x64.ActiveCfg = Release|Any CPU
		{8A047D50-9326-47AC-BAD2-033D0F97848D}.Release|x64.Build.0 = Release|Any CPU
		{8A047D50-9326-47AC-BAD2-033D0F97848D}.Release|x86.ActiveCfg = Release|Any CPU
		{8A047D50-9326-47AC-BAD2-033D0F97848D}.Release|x86.Build.0 = Release|Any CPU
		{567982C5-3B2D-4CC9-B093-2AB754862D68}.Debug|Any CPU.ActiveCfg = Debug|Any CPU
		{567982C5-3B2D-4CC9-B093-2AB754862D68}.Debug|Any CPU.Build.0 = Debug|Any CPU
		{567982C5-3B2D-4CC9-B093-2AB754862D68}.Debug|x64.ActiveCfg = Debug|Any CPU
		{567982C5-3B2D-4CC9-B093-2AB754862D68}.Debug|x64.Build.0 = Debug|Any CPU
		{567982C5-3B2D-4CC9-B093-2AB754862D68}.Debug|x86.ActiveCfg = Debug|Any CPU
		{567982C5-3B2D-4CC9-B093-2AB754862D68}.Debug|x86.Build.0 = Debug|Any CPU
		{567982C5-3B2D-4CC9-B093-2AB754862D68}.Release|Any CPU.ActiveCfg = Release|Any CPU
		{567982C5-3B2D-4CC9-B093-2AB754862D68}.Release|Any CPU.Build.0 = Release|Any CPU
		{567982C5-3B2D-4CC9-B093-2AB754862D68}.Release|x64.ActiveCfg = Release|Any CPU
		{567982C5-3B2D-4CC9-B093-2AB754862D68}.Release|x64.Build.0 = Release|Any CPU
		{567982C5-3B2D-4CC9-B093-2AB754862D68}.Release|x86.ActiveCfg = Release|Any CPU
		{567982C5-3B2D-4CC9-B093-2AB754862D68}.Release|x86.Build.0 = Release|Any CPU
	EndGlobalSection
	GlobalSection(SolutionProperties) = preSolution
		HideSolutionNode = FALSE
	EndGlobalSection
	GlobalSection(NestedProjects) = preSolution
		{17E6F7E1-6B97-4C48-BB74-0B97C4708680} = {7F060608-F4A1-4FAC-BB69-653CA83CD9D8}
		{8A047D50-9326-47AC-BAD2-033D0F97848D} = {7F060608-F4A1-4FAC-BB69-653CA83CD9D8}
		{567982C5-3B2D-4CC9-B093-2AB754862D68} = {7F060608-F4A1-4FAC-BB69-653CA83CD9D8}
	EndGlobalSection
EndGlobal
